// !$*UTF8*$!
{
	archiveVersion = 1;
	classes = {
	};
	objectVersion = 50;
	objects = {

/* Begin PBXBuildFile section */
		352C0A18244145FC00890A29 /* AppDelegate.swift in Sources */ = {isa = PBXBuildFile; fileRef = 352C0A17244145FC00890A29 /* AppDelegate.swift */; };
		352C0A1A244145FC00890A29 /* SceneDelegate.swift in Sources */ = {isa = PBXBuildFile; fileRef = 352C0A19244145FC00890A29 /* SceneDelegate.swift */; };
		352C0A1F244145FC00890A29 /* Main.storyboard in Resources */ = {isa = PBXBuildFile; fileRef = 352C0A1D244145FC00890A29 /* Main.storyboard */; };
		352C0A21244145FD00890A29 /* Assets.xcassets in Resources */ = {isa = PBXBuildFile; fileRef = 352C0A20244145FD00890A29 /* Assets.xcassets */; };
		352C0A24244145FD00890A29 /* LaunchScreen.storyboard in Resources */ = {isa = PBXBuildFile; fileRef = 352C0A22244145FD00890A29 /* LaunchScreen.storyboard */; };
		352C0A2E2441466200890A29 /* README.md in Resources */ = {isa = PBXBuildFile; fileRef = 352C0A2D2441466200890A29 /* README.md */; };
		352C0A322441468F00890A29 /* BusinessDaysViewController.swift in Sources */ = {isa = PBXBuildFile; fileRef = 352C0A302441468F00890A29 /* BusinessDaysViewController.swift */; };
		352C0A34244147E400890A29 /* BusinessDaysService.swift in Sources */ = {isa = PBXBuildFile; fileRef = 352C0A33244147E400890A29 /* BusinessDaysService.swift */; };
		352C0A3624414E4C00890A29 /* DateTextField.swift in Sources */ = {isa = PBXBuildFile; fileRef = 352C0A3524414E4C00890A29 /* DateTextField.swift */; };
		352C0A3C2441F21E00890A29 /* BusinessDaysViewModel.swift in Sources */ = {isa = PBXBuildFile; fileRef = 352C0A3B2441F21E00890A29 /* BusinessDaysViewModel.swift */; };
		35A441012444402E00A4F3B2 /* Environment.swift in Sources */ = {isa = PBXBuildFile; fileRef = 35A441002444402E00A4F3B2 /* Environment.swift */; };
		35A441182444A7B400A4F3B2 /* UIViewController+Displays.swift in Sources */ = {isa = PBXBuildFile; fileRef = 35A441172444A7B400A4F3B2 /* UIViewController+Displays.swift */; };
		35A4411B2444AB5000A4F3B2 /* Localizable.strings in Resources */ = {isa = PBXBuildFile; fileRef = 35A4411A2444AB5000A4F3B2 /* Localizable.strings */; };
		35A441212444AFAD00A4F3B2 /* BusinessDaysServiceTests.swift in Sources */ = {isa = PBXBuildFile; fileRef = 35A441202444AFAD00A4F3B2 /* BusinessDaysServiceTests.swift */; };
		35A441232444AFC000A4F3B2 /* BusinessDaysViewModelTests.swift in Sources */ = {isa = PBXBuildFile; fileRef = 35A441222444AFC000A4F3B2 /* BusinessDaysViewModelTests.swift */; };
		35A441812444B2D000A4F3B2 /* BusinessDaysAPI.framework in Frameworks */ = {isa = PBXBuildFile; fileRef = 35A441802444B2D000A4F3B2 /* BusinessDaysAPI.framework */; };
		35A441822444B2D000A4F3B2 /* BusinessDaysAPI.framework in Embed Frameworks */ = {isa = PBXBuildFile; fileRef = 35A441802444B2D000A4F3B2 /* BusinessDaysAPI.framework */; settings = {ATTRIBUTES = (CodeSignOnCopy, RemoveHeadersOnCopy, ); }; };
		35A4418B2444B76F00A4F3B2 /* BusinessDaysActionsStub.swift in Sources */ = {isa = PBXBuildFile; fileRef = 35A4418A2444B76F00A4F3B2 /* BusinessDaysActionsStub.swift */; };
		35A4418D2444B7C100A4F3B2 /* BusinessDaysError.swift in Sources */ = {isa = PBXBuildFile; fileRef = 35A4418C2444B7C100A4F3B2 /* BusinessDaysError.swift */; };
		35A4418F2444B8A600A4F3B2 /* HolidaysAPIStub.swift in Sources */ = {isa = PBXBuildFile; fileRef = 35A4418E2444B8A600A4F3B2 /* HolidaysAPIStub.swift */; };
		35A441912444B8EC00A4F3B2 /* WeekdaysAPIStub.swift in Sources */ = {isa = PBXBuildFile; fileRef = 35A441902444B8EC00A4F3B2 /* WeekdaysAPIStub.swift */; };
		35A441942444BBA000A4F3B2 /* BusinessDaysViewModelDelegateSpy.swift in Sources */ = {isa = PBXBuildFile; fileRef = 35A441932444BBA000A4F3B2 /* BusinessDaysViewModelDelegateSpy.swift */; };
/* End PBXBuildFile section */

/* Begin PBXContainerItemProxy section */
		35A440F5244433F400A4F3B2 /* PBXContainerItemProxy */ = {
			isa = PBXContainerItemProxy;
			containerPortal = 352C0A0C244145FC00890A29 /* Project object */;
			proxyType = 1;
			remoteGlobalIDString = 352C0A13244145FC00890A29;
			remoteInfo = BusinessDays;
		};
/* End PBXContainerItemProxy section */

/* Begin PBXCopyFilesBuildPhase section */
		35A441832444B2D100A4F3B2 /* Embed Frameworks */ = {
			isa = PBXCopyFilesBuildPhase;
			buildActionMask = 2147483647;
			dstPath = "";
			dstSubfolderSpec = 10;
			files = (
				35A441822444B2D000A4F3B2 /* BusinessDaysAPI.framework in Embed Frameworks */,
			);
			name = "Embed Frameworks";
			runOnlyForDeploymentPostprocessing = 0;
		};
/* End PBXCopyFilesBuildPhase section */

/* Begin PBXFileReference section */
		352C0A14244145FC00890A29 /* BusinessDays.app */ = {isa = PBXFileReference; explicitFileType = wrapper.application; includeInIndex = 0; path = BusinessDays.app; sourceTree = BUILT_PRODUCTS_DIR; };
		352C0A17244145FC00890A29 /* AppDelegate.swift */ = {isa = PBXFileReference; lastKnownFileType = sourcecode.swift; path = AppDelegate.swift; sourceTree = "<group>"; };
		352C0A19244145FC00890A29 /* SceneDelegate.swift */ = {isa = PBXFileReference; lastKnownFileType = sourcecode.swift; path = SceneDelegate.swift; sourceTree = "<group>"; };
		352C0A1E244145FC00890A29 /* Base */ = {isa = PBXFileReference; lastKnownFileType = file.storyboard; name = Base; path = Base.lproj/Main.storyboard; sourceTree = "<group>"; };
		352C0A20244145FD00890A29 /* Assets.xcassets */ = {isa = PBXFileReference; lastKnownFileType = folder.assetcatalog; path = Assets.xcassets; sourceTree = "<group>"; };
		352C0A23244145FD00890A29 /* Base */ = {isa = PBXFileReference; lastKnownFileType = file.storyboard; name = Base; path = Base.lproj/LaunchScreen.storyboard; sourceTree = "<group>"; };
		352C0A25244145FD00890A29 /* Info.plist */ = {isa = PBXFileReference; lastKnownFileType = text.plist.xml; path = Info.plist; sourceTree = "<group>"; };
		352C0A2D2441466200890A29 /* README.md */ = {isa = PBXFileReference; fileEncoding = 4; lastKnownFileType = net.daringfireball.markdown; path = README.md; sourceTree = "<group>"; };
		352C0A302441468F00890A29 /* BusinessDaysViewController.swift */ = {isa = PBXFileReference; fileEncoding = 4; lastKnownFileType = sourcecode.swift; path = BusinessDaysViewController.swift; sourceTree = "<group>"; };
		352C0A33244147E400890A29 /* BusinessDaysService.swift */ = {isa = PBXFileReference; lastKnownFileType = sourcecode.swift; path = BusinessDaysService.swift; sourceTree = "<group>"; };
		352C0A3524414E4C00890A29 /* DateTextField.swift */ = {isa = PBXFileReference; lastKnownFileType = sourcecode.swift; path = DateTextField.swift; sourceTree = "<group>"; };
		352C0A3B2441F21E00890A29 /* BusinessDaysViewModel.swift */ = {isa = PBXFileReference; lastKnownFileType = sourcecode.swift; path = BusinessDaysViewModel.swift; sourceTree = "<group>"; };
		35A440F0244433F400A4F3B2 /* BusinessDaysTests.xctest */ = {isa = PBXFileReference; explicitFileType = wrapper.cfbundle; includeInIndex = 0; path = BusinessDaysTests.xctest; sourceTree = BUILT_PRODUCTS_DIR; };
		35A440F4244433F400A4F3B2 /* Info.plist */ = {isa = PBXFileReference; lastKnownFileType = text.plist.xml; path = Info.plist; sourceTree = "<group>"; };
		35A441002444402E00A4F3B2 /* Environment.swift */ = {isa = PBXFileReference; lastKnownFileType = sourcecode.swift; path = Environment.swift; sourceTree = "<group>"; };
		35A441172444A7B400A4F3B2 /* UIViewController+Displays.swift */ = {isa = PBXFileReference; lastKnownFileType = sourcecode.swift; path = "UIViewController+Displays.swift"; sourceTree = "<group>"; };
		35A4411A2444AB5000A4F3B2 /* Localizable.strings */ = {isa = PBXFileReference; lastKnownFileType = text.plist.strings; path = Localizable.strings; sourceTree = "<group>"; };
		35A4411F2444AD4A00A4F3B2 /* en */ = {isa = PBXFileReference; lastKnownFileType = text.plist.strings; name = en; path = en.lproj/Main.strings; sourceTree = "<group>"; };
		35A441202444AFAD00A4F3B2 /* BusinessDaysServiceTests.swift */ = {isa = PBXFileReference; lastKnownFileType = sourcecode.swift; path = BusinessDaysServiceTests.swift; sourceTree = "<group>"; };
		35A441222444AFC000A4F3B2 /* BusinessDaysViewModelTests.swift */ = {isa = PBXFileReference; lastKnownFileType = sourcecode.swift; path = BusinessDaysViewModelTests.swift; sourceTree = "<group>"; };
		35A441802444B2D000A4F3B2 /* BusinessDaysAPI.framework */ = {isa = PBXFileReference; explicitFileType = wrapper.framework; path = BusinessDaysAPI.framework; sourceTree = BUILT_PRODUCTS_DIR; };
		35A4418A2444B76F00A4F3B2 /* BusinessDaysActionsStub.swift */ = {isa = PBXFileReference; lastKnownFileType = sourcecode.swift; path = BusinessDaysActionsStub.swift; sourceTree = "<group>"; };
		35A4418C2444B7C100A4F3B2 /* BusinessDaysError.swift */ = {isa = PBXFileReference; lastKnownFileType = sourcecode.swift; path = BusinessDaysError.swift; sourceTree = "<group>"; };
		35A4418E2444B8A600A4F3B2 /* HolidaysAPIStub.swift */ = {isa = PBXFileReference; lastKnownFileType = sourcecode.swift; path = HolidaysAPIStub.swift; sourceTree = "<group>"; };
		35A441902444B8EC00A4F3B2 /* WeekdaysAPIStub.swift */ = {isa = PBXFileReference; lastKnownFileType = sourcecode.swift; path = WeekdaysAPIStub.swift; sourceTree = "<group>"; };
		35A441932444BBA000A4F3B2 /* BusinessDaysViewModelDelegateSpy.swift */ = {isa = PBXFileReference; lastKnownFileType = sourcecode.swift; path = BusinessDaysViewModelDelegateSpy.swift; sourceTree = "<group>"; };
/* End PBXFileReference section */

/* Begin PBXFrameworksBuildPhase section */
		352C0A11244145FC00890A29 /* Frameworks */ = {
			isa = PBXFrameworksBuildPhase;
			buildActionMask = 2147483647;
			files = (
				35A441812444B2D000A4F3B2 /* BusinessDaysAPI.framework in Frameworks */,
			);
			runOnlyForDeploymentPostprocessing = 0;
		};
		35A440ED244433F400A4F3B2 /* Frameworks */ = {
			isa = PBXFrameworksBuildPhase;
			buildActionMask = 2147483647;
			files = (
			);
			runOnlyForDeploymentPostprocessing = 0;
		};
/* End PBXFrameworksBuildPhase section */

/* Begin PBXGroup section */
		352C0A0B244145FC00890A29 = {
			isa = PBXGroup;
			children = (
				352C0A2D2441466200890A29 /* README.md */,
				352C0A16244145FC00890A29 /* BusinessDays */,
				35A440F1244433F400A4F3B2 /* BusinessDaysTests */,
				352C0A15244145FC00890A29 /* Products */,
				35A4417F2444B2D000A4F3B2 /* Frameworks */,
			);
			sourceTree = "<group>";
		};
		352C0A15244145FC00890A29 /* Products */ = {
			isa = PBXGroup;
			children = (
				352C0A14244145FC00890A29 /* BusinessDays.app */,
				35A440F0244433F400A4F3B2 /* BusinessDaysTests.xctest */,
			);
			name = Products;
			sourceTree = "<group>";
		};
		352C0A16244145FC00890A29 /* BusinessDays */ = {
			isa = PBXGroup;
			children = (
				35A441002444402E00A4F3B2 /* Environment.swift */,
				352C0A17244145FC00890A29 /* AppDelegate.swift */,
				352C0A19244145FC00890A29 /* SceneDelegate.swift */,
				35A441172444A7B400A4F3B2 /* UIViewController+Displays.swift */,
				352C0A3724414E5E00890A29 /* Views */,
				352C0A3824414E6600890A29 /* Services */,
				352C0A3B2441F21E00890A29 /* BusinessDaysViewModel.swift */,
				352C0A302441468F00890A29 /* BusinessDaysViewController.swift */,
				352C0A25244145FD00890A29 /* Info.plist */,
				35A441192444AA6500A4F3B2 /* Resources */,
			);
			path = BusinessDays;
			sourceTree = "<group>";
		};
		352C0A3724414E5E00890A29 /* Views */ = {
			isa = PBXGroup;
			children = (
				352C0A3524414E4C00890A29 /* DateTextField.swift */,
			);
			path = Views;
			sourceTree = "<group>";
		};
		352C0A3824414E6600890A29 /* Services */ = {
			isa = PBXGroup;
			children = (
				35A4418C2444B7C100A4F3B2 /* BusinessDaysError.swift */,
				352C0A33244147E400890A29 /* BusinessDaysService.swift */,
			);
			path = Services;
			sourceTree = "<group>";
		};
		35A440F1244433F400A4F3B2 /* BusinessDaysTests */ = {
			isa = PBXGroup;
			children = (
				35A441922444B93800A4F3B2 /* Test Doubles */,
				35A441202444AFAD00A4F3B2 /* BusinessDaysServiceTests.swift */,
				35A441222444AFC000A4F3B2 /* BusinessDaysViewModelTests.swift */,
				35A440F4244433F400A4F3B2 /* Info.plist */,
			);
			path = BusinessDaysTests;
			sourceTree = "<group>";
		};
		35A441192444AA6500A4F3B2 /* Resources */ = {
			isa = PBXGroup;
			children = (
				352C0A1D244145FC00890A29 /* Main.storyboard */,
				352C0A20244145FD00890A29 /* Assets.xcassets */,
				352C0A22244145FD00890A29 /* LaunchScreen.storyboard */,
				35A4411A2444AB5000A4F3B2 /* Localizable.strings */,
			);
			path = Resources;
			sourceTree = "<group>";
		};
		35A4417F2444B2D000A4F3B2 /* Frameworks */ = {
			isa = PBXGroup;
			children = (
				35A441802444B2D000A4F3B2 /* BusinessDaysAPI.framework */,
			);
			name = Frameworks;
			sourceTree = "<group>";
		};
		35A441922444B93800A4F3B2 /* Test Doubles */ = {
			isa = PBXGroup;
			children = (
				35A4418A2444B76F00A4F3B2 /* BusinessDaysActionsStub.swift */,
				35A4418E2444B8A600A4F3B2 /* HolidaysAPIStub.swift */,
				35A441902444B8EC00A4F3B2 /* WeekdaysAPIStub.swift */,
				35A441932444BBA000A4F3B2 /* BusinessDaysViewModelDelegateSpy.swift */,
			);
			path = "Test Doubles";
			sourceTree = "<group>";
		};
/* End PBXGroup section */

/* Begin PBXNativeTarget section */
		352C0A13244145FC00890A29 /* BusinessDays */ = {
			isa = PBXNativeTarget;
			buildConfigurationList = 352C0A28244145FD00890A29 /* Build configuration list for PBXNativeTarget "BusinessDays" */;
			buildPhases = (
				352C0A10244145FC00890A29 /* Sources */,
				352C0A11244145FC00890A29 /* Frameworks */,
				352C0A12244145FC00890A29 /* Resources */,
				35A441832444B2D100A4F3B2 /* Embed Frameworks */,
			);
			buildRules = (
			);
			dependencies = (
			);
			name = BusinessDays;
			productName = BusinessDays;
			productReference = 352C0A14244145FC00890A29 /* BusinessDays.app */;
			productType = "com.apple.product-type.application";
		};
		35A440EF244433F400A4F3B2 /* BusinessDaysTests */ = {
			isa = PBXNativeTarget;
			buildConfigurationList = 35A440F9244433F400A4F3B2 /* Build configuration list for PBXNativeTarget "BusinessDaysTests" */;
			buildPhases = (
				35A440EC244433F400A4F3B2 /* Sources */,
				35A440ED244433F400A4F3B2 /* Frameworks */,
				35A440EE244433F400A4F3B2 /* Resources */,
			);
			buildRules = (
			);
			dependencies = (
				35A440F6244433F400A4F3B2 /* PBXTargetDependency */,
			);
			name = BusinessDaysTests;
			productName = BusinessDaysTests;
			productReference = 35A440F0244433F400A4F3B2 /* BusinessDaysTests.xctest */;
			productType = "com.apple.product-type.bundle.unit-test";
		};
/* End PBXNativeTarget section */

/* Begin PBXProject section */
		352C0A0C244145FC00890A29 /* Project object */ = {
			isa = PBXProject;
			attributes = {
				LastSwiftUpdateCheck = 1130;
				LastUpgradeCheck = 1130;
				ORGANIZATIONNAME = ACartagena;
				TargetAttributes = {
					352C0A13244145FC00890A29 = {
						CreatedOnToolsVersion = 11.3.1;
					};
					35A440EF244433F400A4F3B2 = {
						CreatedOnToolsVersion = 11.3.1;
						TestTargetID = 352C0A13244145FC00890A29;
					};
				};
			};
			buildConfigurationList = 352C0A0F244145FC00890A29 /* Build configuration list for PBXProject "BusinessDays" */;
			compatibilityVersion = "Xcode 9.3";
			developmentRegion = en;
			hasScannedForEncodings = 0;
			knownRegions = (
				en,
				Base,
			);
			mainGroup = 352C0A0B244145FC00890A29;
			productRefGroup = 352C0A15244145FC00890A29 /* Products */;
			projectDirPath = "";
			projectRoot = "";
			targets = (
				352C0A13244145FC00890A29 /* BusinessDays */,
				35A440EF244433F400A4F3B2 /* BusinessDaysTests */,
			);
		};
/* End PBXProject section */

/* Begin PBXResourcesBuildPhase section */
		352C0A12244145FC00890A29 /* Resources */ = {
			isa = PBXResourcesBuildPhase;
			buildActionMask = 2147483647;
			files = (
				352C0A24244145FD00890A29 /* LaunchScreen.storyboard in Resources */,
				352C0A2E2441466200890A29 /* README.md in Resources */,
				352C0A21244145FD00890A29 /* Assets.xcassets in Resources */,
				352C0A1F244145FC00890A29 /* Main.storyboard in Resources */,
				35A4411B2444AB5000A4F3B2 /* Localizable.strings in Resources */,
			);
			runOnlyForDeploymentPostprocessing = 0;
		};
		35A440EE244433F400A4F3B2 /* Resources */ = {
			isa = PBXResourcesBuildPhase;
			buildActionMask = 2147483647;
			files = (
			);
			runOnlyForDeploymentPostprocessing = 0;
		};
/* End PBXResourcesBuildPhase section */

/* Begin PBXSourcesBuildPhase section */
		352C0A10244145FC00890A29 /* Sources */ = {
			isa = PBXSourcesBuildPhase;
			buildActionMask = 2147483647;
			files = (
				352C0A322441468F00890A29 /* BusinessDaysViewController.swift in Sources */,
				35A4418D2444B7C100A4F3B2 /* BusinessDaysError.swift in Sources */,
				352C0A3C2441F21E00890A29 /* BusinessDaysViewModel.swift in Sources */,
				35A441012444402E00A4F3B2 /* Environment.swift in Sources */,
				352C0A18244145FC00890A29 /* AppDelegate.swift in Sources */,
				352C0A3624414E4C00890A29 /* DateTextField.swift in Sources */,
				352C0A34244147E400890A29 /* BusinessDaysService.swift in Sources */,
				35A441182444A7B400A4F3B2 /* UIViewController+Displays.swift in Sources */,
				352C0A1A244145FC00890A29 /* SceneDelegate.swift in Sources */,
			);
			runOnlyForDeploymentPostprocessing = 0;
		};
		35A440EC244433F400A4F3B2 /* Sources */ = {
			isa = PBXSourcesBuildPhase;
			buildActionMask = 2147483647;
			files = (
				35A441212444AFAD00A4F3B2 /* BusinessDaysServiceTests.swift in Sources */,
				35A441912444B8EC00A4F3B2 /* WeekdaysAPIStub.swift in Sources */,
				35A4418F2444B8A600A4F3B2 /* HolidaysAPIStub.swift in Sources */,
				35A441232444AFC000A4F3B2 /* BusinessDaysViewModelTests.swift in Sources */,
				35A4418B2444B76F00A4F3B2 /* BusinessDaysActionsStub.swift in Sources */,
				35A441942444BBA000A4F3B2 /* BusinessDaysViewModelDelegateSpy.swift in Sources */,
			);
			runOnlyForDeploymentPostprocessing = 0;
		};
/* End PBXSourcesBuildPhase section */

/* Begin PBXTargetDependency section */
		35A440F6244433F400A4F3B2 /* PBXTargetDependency */ = {
			isa = PBXTargetDependency;
			target = 352C0A13244145FC00890A29 /* BusinessDays */;
			targetProxy = 35A440F5244433F400A4F3B2 /* PBXContainerItemProxy */;
		};
/* End PBXTargetDependency section */

/* Begin PBXVariantGroup section */
		352C0A1D244145FC00890A29 /* Main.storyboard */ = {
			isa = PBXVariantGroup;
			children = (
				352C0A1E244145FC00890A29 /* Base */,
				35A4411F2444AD4A00A4F3B2 /* en */,
			);
			name = Main.storyboard;
			sourceTree = "<group>";
		};
		352C0A22244145FD00890A29 /* LaunchScreen.storyboard */ = {
			isa = PBXVariantGroup;
			children = (
				352C0A23244145FD00890A29 /* Base */,
			);
			name = LaunchScreen.storyboard;
			sourceTree = "<group>";
		};
/* End PBXVariantGroup section */

/* Begin XCBuildConfiguration section */
		352C0A26244145FD00890A29 /* Debug */ = {
			isa = XCBuildConfiguration;
			buildSettings = {
				ALWAYS_SEARCH_USER_PATHS = NO;
				CLANG_ANALYZER_NONNULL = YES;
				CLANG_ANALYZER_NUMBER_OBJECT_CONVERSION = YES_AGGRESSIVE;
				CLANG_CXX_LANGUAGE_STANDARD = "gnu++14";
				CLANG_CXX_LIBRARY = "libc++";
				CLANG_ENABLE_MODULES = YES;
				CLANG_ENABLE_OBJC_ARC = YES;
				CLANG_ENABLE_OBJC_WEAK = YES;
				CLANG_WARN_BLOCK_CAPTURE_AUTORELEASING = YES;
				CLANG_WARN_BOOL_CONVERSION = YES;
				CLANG_WARN_COMMA = YES;
				CLANG_WARN_CONSTANT_CONVERSION = YES;
				CLANG_WARN_DEPRECATED_OBJC_IMPLEMENTATIONS = YES;
				CLANG_WARN_DIRECT_OBJC_ISA_USAGE = YES_ERROR;
				CLANG_WARN_DOCUMENTATION_COMMENTS = YES;
				CLANG_WARN_EMPTY_BODY = YES;
				CLANG_WARN_ENUM_CONVERSION = YES;
				CLANG_WARN_INFINITE_RECURSION = YES;
				CLANG_WARN_INT_CONVERSION = YES;
				CLANG_WARN_NON_LITERAL_NULL_CONVERSION = YES;
				CLANG_WARN_OBJC_IMPLICIT_RETAIN_SELF = YES;
				CLANG_WARN_OBJC_LITERAL_CONVERSION = YES;
				CLANG_WARN_OBJC_ROOT_CLASS = YES_ERROR;
				CLANG_WARN_RANGE_LOOP_ANALYSIS = YES;
				CLANG_WARN_STRICT_PROTOTYPES = YES;
				CLANG_WARN_SUSPICIOUS_MOVE = YES;
				CLANG_WARN_UNGUARDED_AVAILABILITY = YES_AGGRESSIVE;
				CLANG_WARN_UNREACHABLE_CODE = YES;
				CLANG_WARN__DUPLICATE_METHOD_MATCH = YES;
				COPY_PHASE_STRIP = NO;
				DEBUG_INFORMATION_FORMAT = dwarf;
				ENABLE_STRICT_OBJC_MSGSEND = YES;
				ENABLE_TESTABILITY = YES;
				GCC_C_LANGUAGE_STANDARD = gnu11;
				GCC_DYNAMIC_NO_PIC = NO;
				GCC_NO_COMMON_BLOCKS = YES;
				GCC_OPTIMIZATION_LEVEL = 0;
				GCC_PREPROCESSOR_DEFINITIONS = (
					"DEBUG=1",
					"$(inherited)",
				);
				GCC_WARN_64_TO_32_BIT_CONVERSION = YES;
				GCC_WARN_ABOUT_RETURN_TYPE = YES_ERROR;
				GCC_WARN_UNDECLARED_SELECTOR = YES;
				GCC_WARN_UNINITIALIZED_AUTOS = YES_AGGRESSIVE;
				GCC_WARN_UNUSED_FUNCTION = YES;
				GCC_WARN_UNUSED_VARIABLE = YES;
				IPHONEOS_DEPLOYMENT_TARGET = 13.2;
				MTL_ENABLE_DEBUG_INFO = INCLUDE_SOURCE;
				MTL_FAST_MATH = YES;
				ONLY_ACTIVE_ARCH = YES;
				SDKROOT = iphoneos;
				SWIFT_ACTIVE_COMPILATION_CONDITIONS = DEBUG;
				SWIFT_OPTIMIZATION_LEVEL = "-Onone";
			};
			name = Debug;
		};
		352C0A27244145FD00890A29 /* Release */ = {
			isa = XCBuildConfiguration;
			buildSettings = {
				ALWAYS_SEARCH_USER_PATHS = NO;
				CLANG_ANALYZER_NONNULL = YES;
				CLANG_ANALYZER_NUMBER_OBJECT_CONVERSION = YES_AGGRESSIVE;
				CLANG_CXX_LANGUAGE_STANDARD = "gnu++14";
				CLANG_CXX_LIBRARY = "libc++";
				CLANG_ENABLE_MODULES = YES;
				CLANG_ENABLE_OBJC_ARC = YES;
				CLANG_ENABLE_OBJC_WEAK = YES;
				CLANG_WARN_BLOCK_CAPTURE_AUTORELEASING = YES;
				CLANG_WARN_BOOL_CONVERSION = YES;
				CLANG_WARN_COMMA = YES;
				CLANG_WARN_CONSTANT_CONVERSION = YES;
				CLANG_WARN_DEPRECATED_OBJC_IMPLEMENTATIONS = YES;
				CLANG_WARN_DIRECT_OBJC_ISA_USAGE = YES_ERROR;
				CLANG_WARN_DOCUMENTATION_COMMENTS = YES;
				CLANG_WARN_EMPTY_BODY = YES;
				CLANG_WARN_ENUM_CONVERSION = YES;
				CLANG_WARN_INFINITE_RECURSION = YES;
				CLANG_WARN_INT_CONVERSION = YES;
				CLANG_WARN_NON_LITERAL_NULL_CONVERSION = YES;
				CLANG_WARN_OBJC_IMPLICIT_RETAIN_SELF = YES;
				CLANG_WARN_OBJC_LITERAL_CONVERSION = YES;
				CLANG_WARN_OBJC_ROOT_CLASS = YES_ERROR;
				CLANG_WARN_RANGE_LOOP_ANALYSIS = YES;
				CLANG_WARN_STRICT_PROTOTYPES = YES;
				CLANG_WARN_SUSPICIOUS_MOVE = YES;
				CLANG_WARN_UNGUARDED_AVAILABILITY = YES_AGGRESSIVE;
				CLANG_WARN_UNREACHABLE_CODE = YES;
				CLANG_WARN__DUPLICATE_METHOD_MATCH = YES;
				COPY_PHASE_STRIP = NO;
				DEBUG_INFORMATION_FORMAT = "dwarf-with-dsym";
				ENABLE_NS_ASSERTIONS = NO;
				ENABLE_STRICT_OBJC_MSGSEND = YES;
				GCC_C_LANGUAGE_STANDARD = gnu11;
				GCC_NO_COMMON_BLOCKS = YES;
				GCC_WARN_64_TO_32_BIT_CONVERSION = YES;
				GCC_WARN_ABOUT_RETURN_TYPE = YES_ERROR;
				GCC_WARN_UNDECLARED_SELECTOR = YES;
				GCC_WARN_UNINITIALIZED_AUTOS = YES_AGGRESSIVE;
				GCC_WARN_UNUSED_FUNCTION = YES;
				GCC_WARN_UNUSED_VARIABLE = YES;
				IPHONEOS_DEPLOYMENT_TARGET = 13.2;
				MTL_ENABLE_DEBUG_INFO = NO;
				MTL_FAST_MATH = YES;
				SDKROOT = iphoneos;
				SWIFT_COMPILATION_MODE = wholemodule;
				SWIFT_OPTIMIZATION_LEVEL = "-O";
				VALIDATE_PRODUCT = YES;
			};
			name = Release;
		};
		352C0A29244145FD00890A29 /* Debug */ = {
			isa = XCBuildConfiguration;
			buildSettings = {
				ASSETCATALOG_COMPILER_APPICON_NAME = AppIcon;
				CODE_SIGN_STYLE = Automatic;
				DEVELOPMENT_TEAM = VWW575E2Q5;
				INFOPLIST_FILE = BusinessDays/Info.plist;
				LD_RUNPATH_SEARCH_PATHS = (
					"$(inherited)",
					"@executable_path/Frameworks",
				);
				PRODUCT_BUNDLE_IDENTIFIER = com.acicartagena.BusinessDays;
				PRODUCT_NAME = "$(TARGET_NAME)";
				SWIFT_VERSION = 5.0;
				TARGETED_DEVICE_FAMILY = "1,2";
			};
			name = Debug;
		};
		352C0A2A244145FD00890A29 /* Release */ = {
			isa = XCBuildConfiguration;
			buildSettings = {
				ASSETCATALOG_COMPILER_APPICON_NAME = AppIcon;
				CODE_SIGN_STYLE = Automatic;
				DEVELOPMENT_TEAM = VWW575E2Q5;
				INFOPLIST_FILE = BusinessDays/Info.plist;
				LD_RUNPATH_SEARCH_PATHS = (
					"$(inherited)",
					"@executable_path/Frameworks",
				);
				PRODUCT_BUNDLE_IDENTIFIER = com.acicartagena.BusinessDays;
				PRODUCT_NAME = "$(TARGET_NAME)";
				SWIFT_VERSION = 5.0;
				TARGETED_DEVICE_FAMILY = "1,2";
			};
			name = Release;
		};
		35A440F7244433F400A4F3B2 /* Debug */ = {
			isa = XCBuildConfiguration;
			buildSettings = {
				BUNDLE_LOADER = "$(TEST_HOST)";
				CODE_SIGN_STYLE = Automatic;
				DEVELOPMENT_TEAM = VWW575E2Q5;
				INFOPLIST_FILE = BusinessDaysTests/Info.plist;
				LD_RUNPATH_SEARCH_PATHS = (
					"$(inherited)",
					"@executable_path/Frameworks",
					"@loader_path/Frameworks",
				);
				PRODUCT_BUNDLE_IDENTIFIER = com.acicartagena.BusinessDaysTests;
				PRODUCT_NAME = "$(TARGET_NAME)";
				SWIFT_VERSION = 5.0;
				TARGETED_DEVICE_FAMILY = "1,2";
				TEST_HOST = "$(BUILT_PRODUCTS_DIR)/BusinessDays.app/BusinessDays";
			};
			name = Debug;
		};
		35A440F8244433F400A4F3B2 /* Release */ = {
			isa = XCBuildConfiguration;
			buildSettings = {
				BUNDLE_LOADER = "$(TEST_HOST)";
				CODE_SIGN_STYLE = Automatic;
				DEVELOPMENT_TEAM = VWW575E2Q5;
				INFOPLIST_FILE = BusinessDaysTests/Info.plist;
				LD_RUNPATH_SEARCH_PATHS = (
					"$(inherited)",
					"@executable_path/Frameworks",
					"@loader_path/Frameworks",
				);
				PRODUCT_BUNDLE_IDENTIFIER = com.acicartagena.BusinessDaysTests;
				PRODUCT_NAME = "$(TARGET_NAME)";
				SWIFT_VERSION = 5.0;
				TARGETED_DEVICE_FAMILY = "1,2";
				TEST_HOST = "$(BUILT_PRODUCTS_DIR)/BusinessDays.app/BusinessDays";
			};
			name = Release;
		};
/* End XCBuildConfiguration section */

/* Begin XCConfigurationList section */
		352C0A0F244145FC00890A29 /* Build configuration list for PBXProject "BusinessDays" */ = {
			isa = XCConfigurationList;
			buildConfigurations = (
				352C0A26244145FD00890A29 /* Debug */,
				352C0A27244145FD00890A29 /* Release */,
			);
			defaultConfigurationIsVisible = 0;
			defaultConfigurationName = Release;
		};
		352C0A28244145FD00890A29 /* Build configuration list for PBXNativeTarget "BusinessDays" */ = {
			isa = XCConfigurationList;
			buildConfigurations = (
				352C0A29244145FD00890A29 /* Debug */,
				352C0A2A244145FD00890A29 /* Release */,
			);
			defaultConfigurationIsVisible = 0;
			defaultConfigurationName = Release;
		};
		35A440F9244433F400A4F3B2 /* Build configuration list for PBXNativeTarget "BusinessDaysTests" */ = {
			isa = XCConfigurationList;
			buildConfigurations = (
				35A440F7244433F400A4F3B2 /* Debug */,
				35A440F8244433F400A4F3B2 /* Release */,
			);
			defaultConfigurationIsVisible = 0;
			defaultConfigurationName = Release;
		};
/* End XCConfigurationList section */
	};
	rootObject = 352C0A0C244145FC00890A29 /* Project object */;
}
